
Microsoft Visual Studio Solution File, Format Version 12.00
# Visual Studio Version 17
VisualStudioVersion = 17.8.34322.80
MinimumVisualStudioVersion = 10.0.40219.1
Project("{FAE04EC0-301F-11D3-BF4B-00C04F79EFBC}") = "Vortex.API", "Vortex.API.csproj", "{958B3C74-9A26-4422-8A73-4A0A76D28FCB}"
EndProject
Global
	GlobalSection(SolutionConfigurationPlatforms) = preSolution
		Debug|Any CPU = Debug|Any CPU
		Release|Any CPU = Release|Any CPU
	EndGlobalSection
	GlobalSection(ProjectConfigurationPlatforms) = postSolution
		{958B3C74-9A26-4422-8A73-4A0A76D28FCB}.Debug|Any CPU.ActiveCfg = Debug|Any CPU
		{958B3C74-9A26-4422-8A73-4A0A76D28FCB}.Debug|Any CPU.Build.0 = Debug|Any CPU
		{958B3C74-9A26-4422-8A73-4A0A76D28FCB}.Release|Any CPU.ActiveCfg = Release|Any CPU
		{958B3C74-9A26-4422-8A73-4A0A76D28FCB}.Release|Any CPU.Build.0 = Release|Any CPU
	EndGlobalSection
	GlobalSection(SolutionProperties) = preSolution
		HideSolutionNode = FALSE
	EndGlobalSection
	GlobalSection(ExtensibilityGlobals) = postSolution
		SolutionGuid = {10BA60F1-7D7E-4832-B22C-4B8C7C168A92}
	EndGlobalSection
EndGlobal
